
Microsoft Visual Studio Solution File, Format Version 12.00
# Visual Studio 2012
Project("{E24C65DC-7377-472B-9ABA-BC803B73C61A}") = "NGBook", ".", "{BA938DEE-2AFB-4A82-AADF-42F3C480A3A7}"
	ProjectSection(WebsiteProperties) = preProject
		TargetFrameworkMoniker = ".NETFramework,Version%3Dv4.0"
		Debug.AspNetCompiler.VirtualPath = "/NGBook"
		Debug.AspNetCompiler.PhysicalPath = "..\NGBook\"
		Debug.AspNetCompiler.TargetPath = "PrecompiledWeb\NGBook\"
		Debug.AspNetCompiler.Updateable = "true"
		Debug.AspNetCompiler.ForceOverwrite = "true"
		Debug.AspNetCompiler.FixedNames = "false"
		Debug.AspNetCompiler.Debug = "True"
		Release.AspNetCompiler.VirtualPath = "/NGBook"
		Release.AspNetCompiler.PhysicalPath = "..\NGBook\"
		Release.AspNetCompiler.TargetPath = "PrecompiledWeb\NGBook\"
		Release.AspNetCompiler.Updateable = "true"
		Release.AspNetCompiler.ForceOverwrite = "true"
		Release.AspNetCompiler.FixedNames = "false"
		Release.AspNetCompiler.Debug = "False"
		VWDPort = "2660"
	EndProjectSection
EndProject
Global
	GlobalSection(SolutionConfigurationPlatforms) = preSolution
		Debug|Any CPU = Debug|Any CPU
	EndGlobalSection
	GlobalSection(ProjectConfigurationPlatforms) = postSolution
		{BA938DEE-2AFB-4A82-AADF-42F3C480A3A7}.Debug|Any CPU.ActiveCfg = Debug|Any CPU
		{BA938DEE-2AFB-4A82-AADF-42F3C480A3A7}.Debug|Any CPU.Build.0 = Debug|Any CPU
	EndGlobalSection
	GlobalSection(SolutionProperties) = preSolution
		HideSolutionNode = FALSE
	EndGlobalSection
EndGlobal
